// !$*UTF8*$!
{
	archiveVersion = 1;
	classes = {
	};
	objectVersion = 46;
	objects = {

/* Begin PBXBuildFile section */
		3CD22C0613D5EBFF001844CD /* UIKit.framework in Frameworks */ = {isa = PBXBuildFile; fileRef = 3CD22C0513D5EBFF001844CD /* UIKit.framework */; };
		3CD22C0813D5EBFF001844CD /* Foundation.framework in Frameworks */ = {isa = PBXBuildFile; fileRef = 3CD22C0713D5EBFF001844CD /* Foundation.framework */; };
		3CD22C0A13D5EBFF001844CD /* CoreGraphics.framework in Frameworks */ = {isa = PBXBuildFile; fileRef = 3CD22C0913D5EBFF001844CD /* CoreGraphics.framework */; };
		3CD22C1013D5EBFF001844CD /* InfoPlist.strings in Resources */ = {isa = PBXBuildFile; fileRef = 3CD22C0E13D5EBFF001844CD /* InfoPlist.strings */; };
		3CD22C1213D5EBFF001844CD /* main.m in Sources */ = {isa = PBXBuildFile; fileRef = 3CD22C1113D5EBFF001844CD /* main.m */; };
		3CD22C1613D5EBFF001844CD /* CubeAppDelegate.m in Sources */ = {isa = PBXBuildFile; fileRef = 3CD22C1513D5EBFF001844CD /* CubeAppDelegate.m */; };
		3CD22C1D13D5ED4D001844CD /* OpenGLES.framework in Frameworks */ = {isa = PBXBuildFile; fileRef = 3CD22C1C13D5ED4D001844CD /* OpenGLES.framework */; };
		3CD22C1F13D5ED53001844CD /* GLKit.framework in Frameworks */ = {isa = PBXBuildFile; fileRef = 3CD22C1E13D5ED53001844CD /* GLKit.framework */; };
		3CD22C2113D5ED58001844CD /* QuartzCore.framework in Frameworks */ = {isa = PBXBuildFile; fileRef = 3CD22C2013D5ED58001844CD /* QuartzCore.framework */; };
		3CD22C2813D65C4C001844CD /* ColorfulCube.m in Sources */ = {isa = PBXBuildFile; fileRef = 3CD22C2713D65C4B001844CD /* ColorfulCube.m */; };
/* End PBXBuildFile section */

/* Begin PBXFileReference section */
		3CD22C0113D5EBFF001844CD /* Cube.app */ = {isa = PBXFileReference; explicitFileType = wrapper.application; includeInIndex = 0; path = Cube.app; sourceTree = BUILT_PRODUCTS_DIR; };
		3CD22C0513D5EBFF001844CD /* UIKit.framework */ = {isa = PBXFileReference; lastKnownFileType = wrapper.framework; name = UIKit.framework; path = System/Library/Frameworks/UIKit.framework; sourceTree = SDKROOT; };
		3CD22C0713D5EBFF001844CD /* Foundation.framework */ = {isa = PBXFileReference; lastKnownFileType = wrapper.framework; name = Foundation.framework; path = System/Library/Frameworks/Foundation.framework; sourceTree = SDKROOT; };
		3CD22C0913D5EBFF001844CD /* CoreGraphics.framework */ = {isa = PBXFileReference; lastKnownFileType = wrapper.framework; name = CoreGraphics.framework; path = System/Library/Frameworks/CoreGraphics.framework; sourceTree = SDKROOT; };
		3CD22C0D13D5EBFF001844CD /* Cube-Info.plist */ = {isa = PBXFileReference; lastKnownFileType = text.plist.xml; path = "Cube-Info.plist"; sourceTree = "<group>"; };
		3CD22C0F13D5EBFF001844CD /* en */ = {isa = PBXFileReference; lastKnownFileType = text.plist.strings; name = en; path = en.lproj/InfoPlist.strings; sourceTree = "<group>"; };
		3CD22C1113D5EBFF001844CD /* main.m */ = {isa = PBXFileReference; lastKnownFileType = sourcecode.c.objc; path = main.m; sourceTree = "<group>"; };
		3CD22C1313D5EBFF001844CD /* Cube-Prefix.pch */ = {isa = PBXFileReference; lastKnownFileType = sourcecode.c.h; path = "Cube-Prefix.pch"; sourceTree = "<group>"; };
		3CD22C1413D5EBFF001844CD /* CubeAppDelegate.h */ = {isa = PBXFileReference; lastKnownFileType = sourcecode.c.h; path = CubeAppDelegate.h; sourceTree = "<group>"; };
		3CD22C1513D5EBFF001844CD /* CubeAppDelegate.m */ = {isa = PBXFileReference; lastKnownFileType = sourcecode.c.objc; path = CubeAppDelegate.m; sourceTree = "<group>"; };
		3CD22C1C13D5ED4D001844CD /* OpenGLES.framework */ = {isa = PBXFileReference; lastKnownFileType = wrapper.framework; name = OpenGLES.framework; path = System/Library/Frameworks/OpenGLES.framework; sourceTree = SDKROOT; };
		3CD22C1E13D5ED53001844CD /* GLKit.framework */ = {isa = PBXFileReference; lastKnownFileType = wrapper.framework; name = GLKit.framework; path = System/Library/Frameworks/GLKit.framework; sourceTree = SDKROOT; };
		3CD22C2013D5ED58001844CD /* QuartzCore.framework */ = {isa = PBXFileReference; lastKnownFileType = wrapper.framework; name = QuartzCore.framework; path = System/Library/Frameworks/QuartzCore.framework; sourceTree = SDKROOT; };
		3CD22C2613D65C4B001844CD /* ColorfulCube.h */ = {isa = PBXFileReference; fileEncoding = 4; lastKnownFileType = sourcecode.c.h; path = ColorfulCube.h; sourceTree = "<group>"; };
		3CD22C2713D65C4B001844CD /* ColorfulCube.m */ = {isa = PBXFileReference; fileEncoding = 4; lastKnownFileType = sourcecode.c.objc; path = ColorfulCube.m; sourceTree = "<group>"; };
/* End PBXFileReference section */

/* Begin PBXFrameworksBuildPhase section */
		3CD22BFE13D5EBFF001844CD /* Frameworks */ = {
			isa = PBXFrameworksBuildPhase;
			buildActionMask = 2147483647;
			files = (
				3CD22C2113D5ED58001844CD /* QuartzCore.framework in Frameworks */,
				3CD22C1F13D5ED53001844CD /* GLKit.framework in Frameworks */,
				3CD22C1D13D5ED4D001844CD /* OpenGLES.framework in Frameworks */,
				3CD22C0613D5EBFF001844CD /* UIKit.framework in Frameworks */,
				3CD22C0813D5EBFF001844CD /* Foundation.framework in Frameworks */,
				3CD22C0A13D5EBFF001844CD /* CoreGraphics.framework in Frameworks */,
			);
			runOnlyForDeploymentPostprocessing = 0;
		};
/* End PBXFrameworksBuildPhase section */

/* Begin PBXGroup section */
		3CD22BF613D5EBFF001844CD = {
			isa = PBXGroup;
			children = (
				3CD22C0B13D5EBFF001844CD /* Cube */,
				3CD22C0413D5EBFF001844CD /* Frameworks */,
				3CD22C0213D5EBFF001844CD /* Products */,
			);
			sourceTree = "<group>";
		};
		3CD22C0213D5EBFF001844CD /* Products */ = {
			isa = PBXGroup;
			children = (
				3CD22C0113D5EBFF001844CD /* Cube.app */,
			);
			name = Products;
			sourceTree = "<group>";
		};
		3CD22C0413D5EBFF001844CD /* Frameworks */ = {
			isa = PBXGroup;
			children = (
				3CD22C2013D5ED58001844CD /* QuartzCore.framework */,
				3CD22C1E13D5ED53001844CD /* GLKit.framework */,
				3CD22C1C13D5ED4D001844CD /* OpenGLES.framework */,
				3CD22C0513D5EBFF001844CD /* UIKit.framework */,
				3CD22C0713D5EBFF001844CD /* Foundation.framework */,
				3CD22C0913D5EBFF001844CD /* CoreGraphics.framework */,
			);
			name = Frameworks;
			sourceTree = "<group>";
		};
		3CD22C0B13D5EBFF001844CD /* Cube */ = {
			isa = PBXGroup;
			children = (
				3CD22C1413D5EBFF001844CD /* CubeAppDelegate.h */,
				3CD22C1513D5EBFF001844CD /* CubeAppDelegate.m */,
				3CD22C2613D65C4B001844CD /* ColorfulCube.h */,
				3CD22C2713D65C4B001844CD /* ColorfulCube.m */,
				3CD22C0C13D5EBFF001844CD /* Supporting Files */,
			);
			path = Cube;
			sourceTree = "<group>";
		};
		3CD22C0C13D5EBFF001844CD /* Supporting Files */ = {
			isa = PBXGroup;
			children = (
				3CD22C0D13D5EBFF001844CD /* Cube-Info.plist */,
				3CD22C0E13D5EBFF001844CD /* InfoPlist.strings */,
				3CD22C1113D5EBFF001844CD /* main.m */,
				3CD22C1313D5EBFF001844CD /* Cube-Prefix.pch */,
			);
			name = "Supporting Files";
			sourceTree = "<group>";
		};
/* End PBXGroup section */

/* Begin PBXNativeTarget section */
		3CD22C0013D5EBFF001844CD /* Cube */ = {
			isa = PBXNativeTarget;
			buildConfigurationList = 3CD22C1913D5EBFF001844CD /* Build configuration list for PBXNativeTarget "Cube" */;
			buildPhases = (
				3CD22BFD13D5EBFF001844CD /* Sources */,
				3CD22BFE13D5EBFF001844CD /* Frameworks */,
				3CD22BFF13D5EBFF001844CD /* Resources */,
			);
			buildRules = (
			);
			dependencies = (
			);
			name = Cube;
			productName = Cube;
			productReference = 3CD22C0113D5EBFF001844CD /* Cube.app */;
			productType = "com.apple.product-type.application";
		};
/* End PBXNativeTarget section */

/* Begin PBXProject section */
		3CD22BF813D5EBFF001844CD /* Project object */ = {
			isa = PBXProject;
			attributes = {
				ORGANIZATIONNAME = "Ian Terrell";
			};
			buildConfigurationList = 3CD22BFB13D5EBFF001844CD /* Build configuration list for PBXProject "Cube" */;
			compatibilityVersion = "Xcode 3.2";
			developmentRegion = English;
			hasScannedForEncodings = 0;
			knownRegions = (
				en,
			);
			mainGroup = 3CD22BF613D5EBFF001844CD;
			productRefGroup = 3CD22C0213D5EBFF001844CD /* Products */;
			projectDirPath = "";
			projectRoot = "";
			targets = (
				3CD22C0013D5EBFF001844CD /* Cube */,
			);
		};
/* End PBXProject section */

/* Begin PBXResourcesBuildPhase section */
		3CD22BFF13D5EBFF001844CD /* Resources */ = {
			isa = PBXResourcesBuildPhase;
			buildActionMask = 2147483647;
			files = (
				3CD22C1013D5EBFF001844CD /* InfoPlist.strings in Resources */,
			);
			runOnlyForDeploymentPostprocessing = 0;
		};
/* End PBXResourcesBuildPhase section */

/* Begin PBXSourcesBuildPhase section */
		3CD22BFD13D5EBFF001844CD /* Sources */ = {
			isa = PBXSourcesBuildPhase;
			buildActionMask = 2147483647;
			files = (
				3CD22C1213D5EBFF001844CD /* main.m in Sources */,
				3CD22C1613D5EBFF001844CD /* CubeAppDelegate.m in Sources */,
				3CD22C2813D65C4C001844CD /* ColorfulCube.m in Sources */,
			);
			runOnlyForDeploymentPostprocessing = 0;
		};
/* End PBXSourcesBuildPhase section */

/* Begin PBXVariantGroup section */
		3CD22C0E13D5EBFF001844CD /* InfoPlist.strings */ = {
			isa = PBXVariantGroup;
			children = (
				3CD22C0F13D5EBFF001844CD /* en */,
			);
			name = InfoPlist.strings;
			sourceTree = "<group>";
		};
/* End PBXVariantGroup section */

/* Begin XCBuildConfiguration section */
		3CD22C1713D5EBFF001844CD /* Debug */ = {
			isa = XCBuildConfiguration;
			buildSettings = {
				ALWAYS_SEARCH_USER_PATHS = NO;
				ARCHS = "$(ARCHS_STANDARD_32_BIT)";
				CLANG_ENABLE_OBJC_ARC = YES;
				"CODE_SIGN_IDENTITY[sdk=iphoneos*]" = "iPhone Developer";
				COPY_PHASE_STRIP = NO;
				GCC_C_LANGUAGE_STANDARD = gnu99;
				GCC_DYNAMIC_NO_PIC = NO;
				GCC_OPTIMIZATION_LEVEL = 0;
				GCC_PREPROCESSOR_DEFINITIONS = (
					"DEBUG=1",
					"$(inherited)",
				);
				GCC_SYMBOLS_PRIVATE_EXTERN = NO;
				GCC_VERSION = com.apple.compilers.llvm.clang.1_0;
				GCC_WARN_ABOUT_MISSING_PROTOTYPES = YES;
				GCC_WARN_ABOUT_RETURN_TYPE = YES;
				GCC_WARN_UNUSED_VARIABLE = YES;
				IPHONEOS_DEPLOYMENT_TARGET = 5.0;
				SDKROOT = iphoneos;
				TARGETED_DEVICE_FAMILY = "1,2";
			};
			name = Debug;
		};
		3CD22C1813D5EBFF001844CD /* Release */ = {
			isa = XCBuildConfiguration;
			buildSettings = {
				ALWAYS_SEARCH_USER_PATHS = NO;
				ARCHS = "$(ARCHS_STANDARD_32_BIT)";
				CLANG_ENABLE_OBJC_ARC = YES;
				"CODE_SIGN_IDENTITY[sdk=iphoneos*]" = "iPhone Developer";
				COPY_PHASE_STRIP = YES;
				GCC_C_LANGUAGE_STANDARD = gnu99;
				GCC_VERSION = com.apple.compilers.llvm.clang.1_0;
				GCC_WARN_ABOUT_MISSING_PROTOTYPES = YES;
				GCC_WARN_ABOUT_RETURN_TYPE = YES;
				GCC_WARN_UNUSED_VARIABLE = YES;
				IPHONEOS_DEPLOYMENT_TARGET = 5.0;
				OTHER_CFLAGS = "-DNS_BLOCK_ASSERTIONS=1";
				SDKROOT = iphoneos;
				TARGETED_DEVICE_FAMILY = "1,2";
				VALIDATE_PRODUCT = YES;
			};
			name = Release;
		};
		3CD22C1A13D5EBFF001844CD /* Debug */ = {
			isa = XCBuildConfiguration;
			buildSettings = {
				GCC_PRECOMPILE_PREFIX_HEADER = YES;
				GCC_PREFIX_HEADER = "Cube/Cube-Prefix.pch";
				INFOPLIST_FILE = "Cube/Cube-Info.plist";
				PRODUCT_NAME = "$(TARGET_NAME)";
				WRAPPER_EXTENSION = app;
			};
			name = Debug;
		};
		3CD22C1B13D5EBFF001844CD /* Release */ = {
			isa = XCBuildConfiguration;
			buildSettings = {
				GCC_PRECOMPILE_PREFIX_HEADER = YES;
				GCC_PREFIX_HEADER = "Cube/Cube-Prefix.pch";
				INFOPLIST_FILE = "Cube/Cube-Info.plist";
				PRODUCT_NAME = "$(TARGET_NAME)";
				WRAPPER_EXTENSION = app;
			};
			name = Release;
		};
/* End XCBuildConfiguration section */

/* Begin XCConfigurationList section */
		3CD22BFB13D5EBFF001844CD /* Build configuration list for PBXProject "Cube" */ = {
			isa = XCConfigurationList;
			buildConfigurations = (
				3CD22C1713D5EBFF001844CD /* Debug */,
				3CD22C1813D5EBFF001844CD /* Release */,
			);
			defaultConfigurationIsVisible = 0;
			defaultConfigurationName = Release;
		};
		3CD22C1913D5EBFF001844CD /* Build configuration list for PBXNativeTarget "Cube" */ = {
			isa = XCConfigurationList;
			buildConfigurations = (
				3CD22C1A13D5EBFF001844CD /* Debug */,
				3CD22C1B13D5EBFF001844CD /* Release */,
			);
			defaultConfigurationIsVisible = 0;
		};
/* End XCConfigurationList section */
	};
	rootObject = 3CD22BF813D5EBFF001844CD /* Project object */;
}
